
Microsoft Visual Studio Solution File, Format Version 12.00
# Visual Studio Version 16
VisualStudioVersion = 16.0.31410.357
MinimumVisualStudioVersion = 10.0.40219.1
Project("{FAE04EC0-301F-11D3-BF4B-00C04F79EFBC}") = "2_EvenOddNumbers", "2_EvenOddNumbers.csproj", "{BAFF1997-EBE9-40DD-887C-C3D94BF7F63B}"
EndProject
Global
	GlobalSection(SolutionConfigurationPlatforms) = preSolution
		Debug|Any CPU = Debug|Any CPU
		Release|Any CPU = Release|Any CPU
	EndGlobalSection
	GlobalSection(ProjectConfigurationPlatforms) = postSolution
		{BAFF1997-EBE9-40DD-887C-C3D94BF7F63B}.Debug|Any CPU.ActiveCfg = Debug|Any CPU
		{BAFF1997-EBE9-40DD-887C-C3D94BF7F63B}.Debug|Any CPU.Build.0 = Debug|Any CPU
		{BAFF1997-EBE9-40DD-887C-C3D94BF7F63B}.Release|Any CPU.ActiveCfg = Release|Any CPU
		{BAFF1997-EBE9-40DD-887C-C3D94BF7F63B}.Release|Any CPU.Build.0 = Release|Any CPU
	EndGlobalSection
	GlobalSection(SolutionProperties) = preSolution
		HideSolutionNode = FALSE
	EndGlobalSection
	GlobalSection(ExtensibilityGlobals) = postSolution
		SolutionGuid = {29318ABB-E2D5-4767-9157-C0730D67CF6B}
	EndGlobalSection
EndGlobal
